
Microsoft Visual Studio Solution File, Format Version 12.00
# Visual Studio 15
VisualStudioVersion = 15.0.28307.902
MinimumVisualStudioVersion = 10.0.40219.1
Project("{9A19103F-16F7-4668-BE54-9A1E7A4F7556}") = "ReviewProject", "ReviewProject\ReviewProject.csproj", "{88A850C8-5CFC-4E0A-BEFD-79411DC910FD}"
EndProject
Project("{9A19103F-16F7-4668-BE54-9A1E7A4F7556}") = "XUnitTestProject", "XUnitTestProject\XUnitTestProject.csproj", "{2FE94CDB-6562-42C7-997B-7C4E616F8157}"
EndProject
Project("{2150E333-8FDC-42A3-9474-1A3956D46DE8}") = "Solution Items", "Solution Items", "{BFFFEF12-B835-4959-A208-8182A31BE315}"
	ProjectSection(SolutionItems) = preProject
		.travis.yml = .travis.yml
	EndProjectSection
EndProject
Project("{FAE04EC0-301F-11D3-BF4B-00C04F79EFBC}") = "NUnitTestProject", "NUnitTestProject\NUnitTestProject.csproj", "{D74750D0-D8D7-4499-A09E-1176869AB4FC}"
EndProject
Project("{FAE04EC0-301F-11D3-BF4B-00C04F79EFBC}") = "MSUnitTestProject", "MSUnitTestProject\MSUnitTestProject.csproj", "{F07B8DB7-A956-4A49-9CEC-D5296621FD87}"
EndProject
Global
	GlobalSection(SolutionConfigurationPlatforms) = preSolution
		Debug|Any CPU = Debug|Any CPU
		Release|Any CPU = Release|Any CPU
	EndGlobalSection
	GlobalSection(ProjectConfigurationPlatforms) = postSolution
		{88A850C8-5CFC-4E0A-BEFD-79411DC910FD}.Debug|Any CPU.ActiveCfg = Debug|Any CPU
		{88A850C8-5CFC-4E0A-BEFD-79411DC910FD}.Debug|Any CPU.Build.0 = Debug|Any CPU
		{88A850C8-5CFC-4E0A-BEFD-79411DC910FD}.Release|Any CPU.ActiveCfg = Release|Any CPU
		{88A850C8-5CFC-4E0A-BEFD-79411DC910FD}.Release|Any CPU.Build.0 = Release|Any CPU
		{2FE94CDB-6562-42C7-997B-7C4E616F8157}.Debug|Any CPU.ActiveCfg = Debug|Any CPU
		{2FE94CDB-6562-42C7-997B-7C4E616F8157}.Debug|Any CPU.Build.0 = Debug|Any CPU
		{2FE94CDB-6562-42C7-997B-7C4E616F8157}.Release|Any CPU.ActiveCfg = Release|Any CPU
		{2FE94CDB-6562-42C7-997B-7C4E616F8157}.Release|Any CPU.Build.0 = Release|Any CPU
		{D74750D0-D8D7-4499-A09E-1176869AB4FC}.Debug|Any CPU.ActiveCfg = Debug|Any CPU
		{D74750D0-D8D7-4499-A09E-1176869AB4FC}.Debug|Any CPU.Build.0 = Debug|Any CPU
		{D74750D0-D8D7-4499-A09E-1176869AB4FC}.Release|Any CPU.ActiveCfg = Release|Any CPU
		{D74750D0-D8D7-4499-A09E-1176869AB4FC}.Release|Any CPU.Build.0 = Release|Any CPU
		{F07B8DB7-A956-4A49-9CEC-D5296621FD87}.Debug|Any CPU.ActiveCfg = Debug|Any CPU
		{F07B8DB7-A956-4A49-9CEC-D5296621FD87}.Debug|Any CPU.Build.0 = Debug|Any CPU
		{F07B8DB7-A956-4A49-9CEC-D5296621FD87}.Release|Any CPU.ActiveCfg = Release|Any CPU
		{F07B8DB7-A956-4A49-9CEC-D5296621FD87}.Release|Any CPU.Build.0 = Release|Any CPU
	EndGlobalSection
	GlobalSection(SolutionProperties) = preSolution
		HideSolutionNode = FALSE
	EndGlobalSection
	GlobalSection(ExtensibilityGlobals) = postSolution
		SolutionGuid = {7A992563-9DB4-43A0-AF9A-149AE270CD93}
	EndGlobalSection
EndGlobal
